
Microsoft Visual Studio Solution File, Format Version 12.00
# Visual Studio Version 17
VisualStudioVersion = 17.5.33516.290
MinimumVisualStudioVersion = 10.0.40219.1
Project("{FAE04EC0-301F-11D3-BF4B-00C04F79EFBC}") = "Etiquetadora", "Etiquetadora\Etiquetadora.csproj", "{68A7BA12-B5A8-4002-93C4-5289AA8C68D0}"
EndProject
Global
	GlobalSection(SolutionConfigurationPlatforms) = preSolution
		Debug|Any CPU = Debug|Any CPU
		Release|Any CPU = Release|Any CPU
	EndGlobalSection
	GlobalSection(ProjectConfigurationPlatforms) = postSolution
		{68A7BA12-B5A8-4002-93C4-5289AA8C68D0}.Debug|Any CPU.ActiveCfg = Debug|Any CPU
		{68A7BA12-B5A8-4002-93C4-5289AA8C68D0}.Debug|Any CPU.Build.0 = Debug|Any CPU
		{68A7BA12-B5A8-4002-93C4-5289AA8C68D0}.Release|Any CPU.ActiveCfg = Release|Any CPU
		{68A7BA12-B5A8-4002-93C4-5289AA8C68D0}.Release|Any CPU.Build.0 = Release|Any CPU
	EndGlobalSection
	GlobalSection(SolutionProperties) = preSolution
		HideSolutionNode = FALSE
	EndGlobalSection
	GlobalSection(ExtensibilityGlobals) = postSolution
		SolutionGuid = {F796FE5B-608D-452F-8744-859F2EEA1DD0}
	EndGlobalSection
EndGlobal
